version = 1
revision = 2
requires-python = ">=3.12"

[[package]]
name = "jaclang"
version = "0.8.10"
source = { registry = "https://pypi.org/simple" }
sdist = { url = "https://files.pythonhosted.org/packages/5c/d4/d01d43d233162a491d88aecbadc2d1f0eb73393e50a8ca4d9b42e207ab41/jaclang-0.8.10.tar.gz", hash = "sha256:706b863f869497dab3fbdd7806261b6a46b54fb728b7f63c46b96ffd93b2317b", size = 2563911, upload-time = "2025-10-20T13:26:16.268Z" }
wheels = [
    { url = "https://files.pythonhosted.org/packages/f1/6b/5ec76c834f69ac75faf43e1654b1695401da7b00df3e4cb6066f07693baf/jaclang-0.8.10-py3-none-any.whl", hash = "sha256:88ae45c0ca780fb8b61f2205112362f0a543a612c105e0089fc1782fe5ef8550", size = 4544481, upload-time = "2025-10-20T13:26:14.122Z" },
]

[[package]]
name = "jaseci"
version = "0.1.0"
source = { virtual = "." }
dependencies = [
    { name = "jaclang" },
]

[package.metadata]
requires-dist = [{ name = "jaclang", specifier = ">=0.8.10" }]
